// !$*UTF8*$!
{
	archiveVersion = 1;
	classes = {
	};
	objectVersion = 55;
	objects = {

/* Begin PBXBuildFile section */
		16961FA928DA813800A57769 /* IosTask_App.swift in Sources */ = {isa = PBXBuildFile; fileRef = 16961FA828DA813800A57769 /* IosTask_App.swift */; };
		16961FAB28DA813800A57769 /* ContentView.swift in Sources */ = {isa = PBXBuildFile; fileRef = 16961FAA28DA813800A57769 /* ContentView.swift */; };
		16961FAD28DA813A00A57769 /* Assets.xcassets in Resources */ = {isa = PBXBuildFile; fileRef = 16961FAC28DA813A00A57769 /* Assets.xcassets */; };
		16961FB028DA813A00A57769 /* Preview Assets.xcassets in Resources */ = {isa = PBXBuildFile; fileRef = 16961FAF28DA813A00A57769 /* Preview Assets.xcassets */; };
		16961FB828DA818500A57769 /* Product.swift in Sources */ = {isa = PBXBuildFile; fileRef = 16961FB728DA818500A57769 /* Product.swift */; };
		16961FBB28DA81BA00A57769 /* LoginPageModel.swift in Sources */ = {isa = PBXBuildFile; fileRef = 16961FBA28DA81BA00A57769 /* LoginPageModel.swift */; };
		16961FBD28DA81CD00A57769 /* HomeViewModel.swift in Sources */ = {isa = PBXBuildFile; fileRef = 16961FBC28DA81CD00A57769 /* HomeViewModel.swift */; };
		16961FBF28DA81DE00A57769 /* SharedDataModel.swift in Sources */ = {isa = PBXBuildFile; fileRef = 16961FBE28DA81DE00A57769 /* SharedDataModel.swift */; };
		16961FC228DA827D00A57769 /* GetStarted.swift in Sources */ = {isa = PBXBuildFile; fileRef = 16961FC128DA827D00A57769 /* GetStarted.swift */; };
		16961FC428DA829400A57769 /* LoginPage.swift in Sources */ = {isa = PBXBuildFile; fileRef = 16961FC328DA829400A57769 /* LoginPage.swift */; };
		16961FC628DA82AC00A57769 /* CustomCorners.swift in Sources */ = {isa = PBXBuildFile; fileRef = 16961FC528DA82AC00A57769 /* CustomCorners.swift */; };
		16961FC828DA82C000A57769 /* MainPage.swift in Sources */ = {isa = PBXBuildFile; fileRef = 16961FC728DA82C000A57769 /* MainPage.swift */; };
		16961FCA28DA82DA00A57769 /* ProductDetailView.swift in Sources */ = {isa = PBXBuildFile; fileRef = 16961FC928DA82DA00A57769 /* ProductDetailView.swift */; };
		16961FCD28DA830100A57769 /* Home.swift in Sources */ = {isa = PBXBuildFile; fileRef = 16961FCC28DA830100A57769 /* Home.swift */; };
		16961FCF28DA831900A57769 /* Cart.swift in Sources */ = {isa = PBXBuildFile; fileRef = 16961FCE28DA831800A57769 /* Cart.swift */; };
		16961FD128DA84E700A57769 /* GoogleService-Info.plist in Resources */ = {isa = PBXBuildFile; fileRef = 16961FD028DA84E700A57769 /* GoogleService-Info.plist */; };
		16AA51D428DAF93E003A9A49 /* Application.swift in Sources */ = {isa = PBXBuildFile; fileRef = 16AA51D328DAF93E003A9A49 /* Application.swift */; };
/* End PBXBuildFile section */

/* Begin PBXFileReference section */
		16961FA528DA813800A57769 /* IosTask!.app */ = {isa = PBXFileReference; explicitFileType = wrapper.application; includeInIndex = 0; path = "IosTask!.app"; sourceTree = BUILT_PRODUCTS_DIR; };
		16961FA828DA813800A57769 /* IosTask_App.swift */ = {isa = PBXFileReference; lastKnownFileType = sourcecode.swift; path = IosTask_App.swift; sourceTree = "<group>"; };
		16961FAA28DA813800A57769 /* ContentView.swift */ = {isa = PBXFileReference; lastKnownFileType = sourcecode.swift; path = ContentView.swift; sourceTree = "<group>"; };
		16961FAC28DA813A00A57769 /* Assets.xcassets */ = {isa = PBXFileReference; lastKnownFileType = folder.assetcatalog; path = Assets.xcassets; sourceTree = "<group>"; };
		16961FAF28DA813A00A57769 /* Preview Assets.xcassets */ = {isa = PBXFileReference; lastKnownFileType = folder.assetcatalog; path = "Preview Assets.xcassets"; sourceTree = "<group>"; };
		16961FB728DA818500A57769 /* Product.swift */ = {isa = PBXFileReference; lastKnownFileType = sourcecode.swift; path = Product.swift; sourceTree = "<group>"; };
		16961FBA28DA81BA00A57769 /* LoginPageModel.swift */ = {isa = PBXFileReference; lastKnownFileType = sourcecode.swift; path = LoginPageModel.swift; sourceTree = "<group>"; };
		16961FBC28DA81CD00A57769 /* HomeViewModel.swift */ = {isa = PBXFileReference; lastKnownFileType = sourcecode.swift; path = HomeViewModel.swift; sourceTree = "<group>"; };
		16961FBE28DA81DE00A57769 /* SharedDataModel.swift */ = {isa = PBXFileReference; lastKnownFileType = sourcecode.swift; path = SharedDataModel.swift; sourceTree = "<group>"; };
		16961FC128DA827D00A57769 /* GetStarted.swift */ = {isa = PBXFileReference; lastKnownFileType = sourcecode.swift; path = GetStarted.swift; sourceTree = "<group>"; };
		16961FC328DA829400A57769 /* LoginPage.swift */ = {isa = PBXFileReference; lastKnownFileType = sourcecode.swift; path = LoginPage.swift; sourceTree = "<group>"; };
		16961FC528DA82AC00A57769 /* CustomCorners.swift */ = {isa = PBXFileReference; lastKnownFileType = sourcecode.swift; path = CustomCorners.swift; sourceTree = "<group>"; };
		16961FC728DA82C000A57769 /* MainPage.swift */ = {isa = PBXFileReference; lastKnownFileType = sourcecode.swift; path = MainPage.swift; sourceTree = "<group>"; };
		16961FC928DA82DA00A57769 /* ProductDetailView.swift */ = {isa = PBXFileReference; lastKnownFileType = sourcecode.swift; path = ProductDetailView.swift; sourceTree = "<group>"; };
		16961FCC28DA830100A57769 /* Home.swift */ = {isa = PBXFileReference; lastKnownFileType = sourcecode.swift; path = Home.swift; sourceTree = "<group>"; };
		16961FCE28DA831800A57769 /* Cart.swift */ = {isa = PBXFileReference; lastKnownFileType = sourcecode.swift; path = Cart.swift; sourceTree = "<group>"; };
		16961FD028DA84E700A57769 /* GoogleService-Info.plist */ = {isa = PBXFileReference; fileEncoding = 4; lastKnownFileType = text.plist.xml; path = "GoogleService-Info.plist"; sourceTree = "<group>"; };
		16961FD828DA88DA00A57769 /* IosTask--Info.plist */ = {isa = PBXFileReference; lastKnownFileType = text.plist; path = "IosTask--Info.plist"; sourceTree = SOURCE_ROOT; };
		16AA51D328DAF93E003A9A49 /* Application.swift */ = {isa = PBXFileReference; fileEncoding = 4; lastKnownFileType = sourcecode.swift; path = Application.swift; sourceTree = "<group>"; };
/* End PBXFileReference section */

/* Begin PBXFrameworksBuildPhase section */
		16961FA228DA813800A57769 /* Frameworks */ = {
			isa = PBXFrameworksBuildPhase;
			buildActionMask = 2147483647;
			files = (
			);
			runOnlyForDeploymentPostprocessing = 0;
		};
/* End PBXFrameworksBuildPhase section */

/* Begin PBXGroup section */
		16961F9C28DA813800A57769 = {
			isa = PBXGroup;
			children = (
				16961FA728DA813800A57769 /* IosTask! */,
				16961FA628DA813800A57769 /* Products */,
			);
			sourceTree = "<group>";
		};
		16961FA628DA813800A57769 /* Products */ = {
			isa = PBXGroup;
			children = (
				16961FA528DA813800A57769 /* IosTask!.app */,
			);
			name = Products;
			sourceTree = "<group>";
		};
		16961FA728DA813800A57769 /* IosTask! */ = {
			isa = PBXGroup;
			children = (
				16961FD828DA88DA00A57769 /* IosTask--Info.plist */,
				16961FD028DA84E700A57769 /* GoogleService-Info.plist */,
				16961FB628DA817000A57769 /* model */,
				16961FB928DA819500A57769 /* ViewModel */,
				16961FC028DA824500A57769 /* View */,
				16961FA828DA813800A57769 /* IosTask_App.swift */,
				16961FAA28DA813800A57769 /* ContentView.swift */,
				16961FAC28DA813A00A57769 /* Assets.xcassets */,
				16961FAE28DA813A00A57769 /* Preview Content */,
			);
			path = "IosTask!";
			sourceTree = "<group>";
		};
		16961FAE28DA813A00A57769 /* Preview Content */ = {
			isa = PBXGroup;
			children = (
				16961FAF28DA813A00A57769 /* Preview Assets.xcassets */,
			);
			path = "Preview Content";
			sourceTree = "<group>";
		};
		16961FB628DA817000A57769 /* model */ = {
			isa = PBXGroup;
			children = (
				16961FB728DA818500A57769 /* Product.swift */,
			);
			path = model;
			sourceTree = "<group>";
		};
		16961FB928DA819500A57769 /* ViewModel */ = {
			isa = PBXGroup;
			children = (
				16AA51D328DAF93E003A9A49 /* Application.swift */,
				16961FBA28DA81BA00A57769 /* LoginPageModel.swift */,
				16961FBC28DA81CD00A57769 /* HomeViewModel.swift */,
				16961FBE28DA81DE00A57769 /* SharedDataModel.swift */,
			);
			path = ViewModel;
			sourceTree = "<group>";
		};
		16961FC028DA824500A57769 /* View */ = {
			isa = PBXGroup;
			children = (
				16961FCB28DA82EF00A57769 /* New Group */,
				16961FC128DA827D00A57769 /* GetStarted.swift */,
				16961FC328DA829400A57769 /* LoginPage.swift */,
				16961FC528DA82AC00A57769 /* CustomCorners.swift */,
				16961FC728DA82C000A57769 /* MainPage.swift */,
				16961FC928DA82DA00A57769 /* ProductDetailView.swift */,
			);
			path = View;
			sourceTree = "<group>";
		};
		16961FCB28DA82EF00A57769 /* New Group */ = {
			isa = PBXGroup;
			children = (
				16961FCC28DA830100A57769 /* Home.swift */,
				16961FCE28DA831800A57769 /* Cart.swift */,
			);
			path = "New Group";
			sourceTree = "<group>";
		};
/* End PBXGroup section */

/* Begin PBXNativeTarget section */
		16961FA428DA813800A57769 /* IosTask! */ = {
			isa = PBXNativeTarget;
			buildConfigurationList = 16961FB328DA813A00A57769 /* Build configuration list for PBXNativeTarget "IosTask!" */;
			buildPhases = (
				16961FA128DA813800A57769 /* Sources */,
				16961FA228DA813800A57769 /* Frameworks */,
				16961FA328DA813800A57769 /* Resources */,
			);
			buildRules = (
			);
			dependencies = (
			);
			name = "IosTask!";
			packageProductDependencies = (
			);
			productName = "IosTask!";
			productReference = 16961FA528DA813800A57769 /* IosTask!.app */;
			productType = "com.apple.product-type.application";
		};
/* End PBXNativeTarget section */

/* Begin PBXProject section */
		16961F9D28DA813800A57769 /* Project object */ = {
			isa = PBXProject;
			attributes = {
				BuildIndependentTargetsInParallel = 1;
				LastSwiftUpdateCheck = 1340;
				LastUpgradeCheck = 1340;
				TargetAttributes = {
					16961FA428DA813800A57769 = {
						CreatedOnToolsVersion = 13.4.1;
					};
				};
			};
			buildConfigurationList = 16961FA028DA813800A57769 /* Build configuration list for PBXProject "IosTask!" */;
			compatibilityVersion = "Xcode 13.0";
			developmentRegion = en;
			hasScannedForEncodings = 0;
			knownRegions = (
				en,
				Base,
			);
			mainGroup = 16961F9C28DA813800A57769;
			packageReferences = (
			);
			productRefGroup = 16961FA628DA813800A57769 /* Products */;
			projectDirPath = "";
			projectRoot = "";
			targets = (
				16961FA428DA813800A57769 /* IosTask! */,
			);
		};
/* End PBXProject section */

/* Begin PBXResourcesBuildPhase section */
		16961FA328DA813800A57769 /* Resources */ = {
			isa = PBXResourcesBuildPhase;
			buildActionMask = 2147483647;
			files = (
				16961FB028DA813A00A57769 /* Preview Assets.xcassets in Resources */,
				16961FD128DA84E700A57769 /* GoogleService-Info.plist in Resources */,
				16961FAD28DA813A00A57769 /* Assets.xcassets in Resources */,
			);
			runOnlyForDeploymentPostprocessing = 0;
		};
/* End PBXResourcesBuildPhase section */

/* Begin PBXSourcesBuildPhase section */
		16961FA128DA813800A57769 /* Sources */ = {
			isa = PBXSourcesBuildPhase;
			buildActionMask = 2147483647;
			files = (
				16AA51D428DAF93E003A9A49 /* Application.swift in Sources */,
				16961FC428DA829400A57769 /* LoginPage.swift in Sources */,
				16961FC628DA82AC00A57769 /* CustomCorners.swift in Sources */,
				16961FCA28DA82DA00A57769 /* ProductDetailView.swift in Sources */,
				16961FCF28DA831900A57769 /* Cart.swift in Sources */,
				16961FAB28DA813800A57769 /* ContentView.swift in Sources */,
				16961FA928DA813800A57769 /* IosTask_App.swift in Sources */,
				16961FBF28DA81DE00A57769 /* SharedDataModel.swift in Sources */,
				16961FC828DA82C000A57769 /* MainPage.swift in Sources */,
				16961FBB28DA81BA00A57769 /* LoginPageModel.swift in Sources */,
				16961FBD28DA81CD00A57769 /* HomeViewModel.swift in Sources */,
				16961FB828DA818500A57769 /* Product.swift in Sources */,
				16961FCD28DA830100A57769 /* Home.swift in Sources */,
				16961FC228DA827D00A57769 /* GetStarted.swift in Sources */,
			);
			runOnlyForDeploymentPostprocessing = 0;
		};
/* End PBXSourcesBuildPhase section */

/* Begin XCBuildConfiguration section */
		16961FB128DA813A00A57769 /* Debug */ = {
			isa = XCBuildConfiguration;
			buildSettings = {
				ALWAYS_SEARCH_USER_PATHS = NO;
				CLANG_ANALYZER_NONNULL = YES;
				CLANG_ANALYZER_NUMBER_OBJECT_CONVERSION = YES_AGGRESSIVE;
				CLANG_CXX_LANGUAGE_STANDARD = "gnu++17";
				CLANG_ENABLE_MODULES = YES;
				CLANG_ENABLE_OBJC_ARC = YES;
				CLANG_ENABLE_OBJC_WEAK = YES;
				CLANG_WARN_BLOCK_CAPTURE_AUTORELEASING = YES;
				CLANG_WARN_BOOL_CONVERSION = YES;
				CLANG_WARN_COMMA = YES;
				CLANG_WARN_CONSTANT_CONVERSION = YES;
				CLANG_WARN_DEPRECATED_OBJC_IMPLEMENTATIONS = YES;
				CLANG_WARN_DIRECT_OBJC_ISA_USAGE = YES_ERROR;
				CLANG_WARN_DOCUMENTATION_COMMENTS = YES;
				CLANG_WARN_EMPTY_BODY = YES;
				CLANG_WARN_ENUM_CONVERSION = YES;
				CLANG_WARN_INFINITE_RECURSION = YES;
				CLANG_WARN_INT_CONVERSION = YES;
				CLANG_WARN_NON_LITERAL_NULL_CONVERSION = YES;
				CLANG_WARN_OBJC_IMPLICIT_RETAIN_SELF = YES;
				CLANG_WARN_OBJC_LITERAL_CONVERSION = YES;
				CLANG_WARN_OBJC_ROOT_CLASS = YES_ERROR;
				CLANG_WARN_QUOTED_INCLUDE_IN_FRAMEWORK_HEADER = YES;
				CLANG_WARN_RANGE_LOOP_ANALYSIS = YES;
				CLANG_WARN_STRICT_PROTOTYPES = YES;
				CLANG_WARN_SUSPICIOUS_MOVE = YES;
				CLANG_WARN_UNGUARDED_AVAILABILITY = YES_AGGRESSIVE;
				CLANG_WARN_UNREACHABLE_CODE = YES;
				CLANG_WARN__DUPLICATE_METHOD_MATCH = YES;
				COPY_PHASE_STRIP = NO;
				DEBUG_INFORMATION_FORMAT = dwarf;
				ENABLE_STRICT_OBJC_MSGSEND = YES;
				ENABLE_TESTABILITY = YES;
				GCC_C_LANGUAGE_STANDARD = gnu11;
				GCC_DYNAMIC_NO_PIC = NO;
				GCC_NO_COMMON_BLOCKS = YES;
				GCC_OPTIMIZATION_LEVEL = 0;
				GCC_PREPROCESSOR_DEFINITIONS = (
					"DEBUG=1",
					"$(inherited)",
				);
				GCC_WARN_64_TO_32_BIT_CONVERSION = YES;
				GCC_WARN_ABOUT_RETURN_TYPE = YES_ERROR;
				GCC_WARN_UNDECLARED_SELECTOR = YES;
				GCC_WARN_UNINITIALIZED_AUTOS = YES_AGGRESSIVE;
				GCC_WARN_UNUSED_FUNCTION = YES;
				GCC_WARN_UNUSED_VARIABLE = YES;
				IPHONEOS_DEPLOYMENT_TARGET = 15.5;
				MTL_ENABLE_DEBUG_INFO = INCLUDE_SOURCE;
				MTL_FAST_MATH = YES;
				ONLY_ACTIVE_ARCH = YES;
				SDKROOT = iphoneos;
				SWIFT_ACTIVE_COMPILATION_CONDITIONS = DEBUG;
				SWIFT_OPTIMIZATION_LEVEL = "-Onone";
			};
			name = Debug;
		};
		16961FB228DA813A00A57769 /* Release */ = {
			isa = XCBuildConfiguration;
			buildSettings = {
				ALWAYS_SEARCH_USER_PATHS = NO;
				CLANG_ANALYZER_NONNULL = YES;
				CLANG_ANALYZER_NUMBER_OBJECT_CONVERSION = YES_AGGRESSIVE;
				CLANG_CXX_LANGUAGE_STANDARD = "gnu++17";
				CLANG_ENABLE_MODULES = YES;
				CLANG_ENABLE_OBJC_ARC = YES;
				CLANG_ENABLE_OBJC_WEAK = YES;
				CLANG_WARN_BLOCK_CAPTURE_AUTORELEASING = YES;
				CLANG_WARN_BOOL_CONVERSION = YES;
				CLANG_WARN_COMMA = YES;
				CLANG_WARN_CONSTANT_CONVERSION = YES;
				CLANG_WARN_DEPRECATED_OBJC_IMPLEMENTATIONS = YES;
				CLANG_WARN_DIRECT_OBJC_ISA_USAGE = YES_ERROR;
				CLANG_WARN_DOCUMENTATION_COMMENTS = YES;
				CLANG_WARN_EMPTY_BODY = YES;
				CLANG_WARN_ENUM_CONVERSION = YES;
				CLANG_WARN_INFINITE_RECURSION = YES;
				CLANG_WARN_INT_CONVERSION = YES;
				CLANG_WARN_NON_LITERAL_NULL_CONVERSION = YES;
				CLANG_WARN_OBJC_IMPLICIT_RETAIN_SELF = YES;
				CLANG_WARN_OBJC_LITERAL_CONVERSION = YES;
				CLANG_WARN_OBJC_ROOT_CLASS = YES_ERROR;
				CLANG_WARN_QUOTED_INCLUDE_IN_FRAMEWORK_HEADER = YES;
				CLANG_WARN_RANGE_LOOP_ANALYSIS = YES;
				CLANG_WARN_STRICT_PROTOTYPES = YES;
				CLANG_WARN_SUSPICIOUS_MOVE = YES;
				CLANG_WARN_UNGUARDED_AVAILABILITY = YES_AGGRESSIVE;
				CLANG_WARN_UNREACHABLE_CODE = YES;
				CLANG_WARN__DUPLICATE_METHOD_MATCH = YES;
				COPY_PHASE_STRIP = NO;
				DEBUG_INFORMATION_FORMAT = "dwarf-with-dsym";
				ENABLE_NS_ASSERTIONS = NO;
				ENABLE_STRICT_OBJC_MSGSEND = YES;
				GCC_C_LANGUAGE_STANDARD = gnu11;
				GCC_NO_COMMON_BLOCKS = YES;
				GCC_WARN_64_TO_32_BIT_CONVERSION = YES;
				GCC_WARN_ABOUT_RETURN_TYPE = YES_ERROR;
				GCC_WARN_UNDECLARED_SELECTOR = YES;
				GCC_WARN_UNINITIALIZED_AUTOS = YES_AGGRESSIVE;
				GCC_WARN_UNUSED_FUNCTION = YES;
				GCC_WARN_UNUSED_VARIABLE = YES;
				IPHONEOS_DEPLOYMENT_TARGET = 15.5;
				MTL_ENABLE_DEBUG_INFO = NO;
				MTL_FAST_MATH = YES;
				SDKROOT = iphoneos;
				SWIFT_COMPILATION_MODE = wholemodule;
				SWIFT_OPTIMIZATION_LEVEL = "-O";
				VALIDATE_PRODUCT = YES;
			};
			name = Release;
		};
		16961FB428DA813A00A57769 /* Debug */ = {
			isa = XCBuildConfiguration;
			buildSettings = {
				ASSETCATALOG_COMPILER_APPICON_NAME = AppIcon;
				ASSETCATALOG_COMPILER_GLOBAL_ACCENT_COLOR_NAME = AccentColor;
				CODE_SIGN_STYLE = Automatic;
				CURRENT_PROJECT_VERSION = 1;
				DEVELOPMENT_ASSET_PATHS = "\"IosTask!/Preview Content\"";
				DEVELOPMENT_TEAM = 7SNT94B28G;
				ENABLE_PREVIEWS = YES;
				GENERATE_INFOPLIST_FILE = YES;
				INFOPLIST_FILE = "IosTask--Info.plist";
				INFOPLIST_KEY_UIApplicationSceneManifest_Generation = YES;
				INFOPLIST_KEY_UIApplicationSupportsIndirectInputEvents = YES;
				INFOPLIST_KEY_UILaunchScreen_Generation = YES;
				INFOPLIST_KEY_UISupportedInterfaceOrientations_iPad = "UIInterfaceOrientationPortrait UIInterfaceOrientationPortraitUpsideDown UIInterfaceOrientationLandscapeLeft UIInterfaceOrientationLandscapeRight";
				INFOPLIST_KEY_UISupportedInterfaceOrientations_iPhone = "UIInterfaceOrientationPortrait UIInterfaceOrientationLandscapeLeft UIInterfaceOrientationLandscapeRight";
				LD_RUNPATH_SEARCH_PATHS = (
					"$(inherited)",
					"@executable_path/Frameworks",
				);
				MARKETING_VERSION = 1.0;
				PRODUCT_BUNDLE_IDENTIFIER = "com.fothermucker.IosTask-";
				PRODUCT_NAME = "$(TARGET_NAME)";
				SWIFT_EMIT_LOC_STRINGS = YES;
				SWIFT_VERSION = 5.0;
				TARGETED_DEVICE_FAMILY = "1,2";
			};
			name = Debug;
		};
		16961FB528DA813A00A57769 /* Release */ = {
			isa = XCBuildConfiguration;
			buildSettings = {
				ASSETCATALOG_COMPILER_APPICON_NAME = AppIcon;
				ASSETCATALOG_COMPILER_GLOBAL_ACCENT_COLOR_NAME = AccentColor;
				CODE_SIGN_STYLE = Automatic;
				CURRENT_PROJECT_VERSION = 1;
				DEVELOPMENT_ASSET_PATHS = "\"IosTask!/Preview Content\"";
				DEVELOPMENT_TEAM = 7SNT94B28G;
				ENABLE_PREVIEWS = YES;
				GENERATE_INFOPLIST_FILE = YES;
				INFOPLIST_FILE = "IosTask--Info.plist";
				INFOPLIST_KEY_UIApplicationSceneManifest_Generation = YES;
				INFOPLIST_KEY_UIApplicationSupportsIndirectInputEvents = YES;
				INFOPLIST_KEY_UILaunchScreen_Generation = YES;
				INFOPLIST_KEY_UISupportedInterfaceOrientations_iPad = "UIInterfaceOrientationPortrait UIInterfaceOrientationPortraitUpsideDown UIInterfaceOrientationLandscapeLeft UIInterfaceOrientationLandscapeRight";
				INFOPLIST_KEY_UISupportedInterfaceOrientations_iPhone = "UIInterfaceOrientationPortrait UIInterfaceOrientationLandscapeLeft UIInterfaceOrientationLandscapeRight";
				LD_RUNPATH_SEARCH_PATHS = (
					"$(inherited)",
					"@executable_path/Frameworks",
				);
				MARKETING_VERSION = 1.0;
				PRODUCT_BUNDLE_IDENTIFIER = "com.fothermucker.IosTask-";
				PRODUCT_NAME = "$(TARGET_NAME)";
				SWIFT_EMIT_LOC_STRINGS = YES;
				SWIFT_VERSION = 5.0;
				TARGETED_DEVICE_FAMILY = "1,2";
			};
			name = Release;
		};
/* End XCBuildConfiguration section */

/* Begin XCConfigurationList section */
		16961FA028DA813800A57769 /* Build configuration list for PBXProject "IosTask!" */ = {
			isa = XCConfigurationList;
			buildConfigurations = (
				16961FB128DA813A00A57769 /* Debug */,
				16961FB228DA813A00A57769 /* Release */,
			);
			defaultConfigurationIsVisible = 0;
			defaultConfigurationName = Release;
		};
		16961FB328DA813A00A57769 /* Build configuration list for PBXNativeTarget "IosTask!" */ = {
			isa = XCConfigurationList;
			buildConfigurations = (
				16961FB428DA813A00A57769 /* Debug */,
				16961FB528DA813A00A57769 /* Release */,
			);
			defaultConfigurationIsVisible = 0;
			defaultConfigurationName = Release;
		};
/* End XCConfigurationList section */
	};
	rootObject = 16961F9D28DA813800A57769 /* Project object */;
}
